
Microsoft Visual Studio Solution File, Format Version 12.00
# Visual Studio Version 17
VisualStudioVersion = 17.1.32407.343
MinimumVisualStudioVersion = 10.0.40219.1
Project("{9A19103F-16F7-4668-BE54-9A1E7A4F7556}") = "RFIDP2P3_Web", "RFIDP2P3_Web\RFIDP2P3_Web.csproj", "{E3358A5E-E738-474A-B05C-A01774914A6C}"
EndProject
Global
	GlobalSection(SolutionConfigurationPlatforms) = preSolution
		Debug|Any CPU = Debug|Any CPU
		Release|Any CPU = Release|Any CPU
	EndGlobalSection
	GlobalSection(ProjectConfigurationPlatforms) = postSolution
		{E3358A5E-E738-474A-B05C-A01774914A6C}.Debug|Any CPU.ActiveCfg = Debug|Any CPU
		{E3358A5E-E738-474A-B05C-A01774914A6C}.Debug|Any CPU.Build.0 = Debug|Any CPU
		{E3358A5E-E738-474A-B05C-A01774914A6C}.Release|Any CPU.ActiveCfg = Release|Any CPU
		{E3358A5E-E738-474A-B05C-A01774914A6C}.Release|Any CPU.Build.0 = Release|Any CPU
	EndGlobalSection
	GlobalSection(SolutionProperties) = preSolution
		HideSolutionNode = FALSE
	EndGlobalSection
	GlobalSection(ExtensibilityGlobals) = postSolution
		SolutionGuid = {4C1900DD-F28C-483D-95F6-D2EF5CAB9A78}
	EndGlobalSection
EndGlobal
